// !$*UTF8*$!
{
	archiveVersion = 1;
	classes = {
	};
	objectVersion = 50;
	objects = {

/* Begin PBXBuildFile section */
		FAD4544B250399C80049136B /* AppDelegate.m in Sources */ = {isa = PBXBuildFile; fileRef = FAD4544A250399C80049136B /* AppDelegate.m */; };
		FAD4544E250399C80049136B /* SceneDelegate.m in Sources */ = {isa = PBXBuildFile; fileRef = FAD4544D250399C80049136B /* SceneDelegate.m */; };
		FAD45451250399C80049136B /* ViewController.m in Sources */ = {isa = PBXBuildFile; fileRef = FAD45450250399C80049136B /* ViewController.m */; };
		FAD45454250399C80049136B /* Main.storyboard in Resources */ = {isa = PBXBuildFile; fileRef = FAD45452250399C80049136B /* Main.storyboard */; };
		FAD45456250399C90049136B /* Assets.xcassets in Resources */ = {isa = PBXBuildFile; fileRef = FAD45455250399C90049136B /* Assets.xcassets */; };
		FAD45459250399C90049136B /* LaunchScreen.storyboard in Resources */ = {isa = PBXBuildFile; fileRef = FAD45457250399C90049136B /* LaunchScreen.storyboard */; };
		FAD4545C250399C90049136B /* main.m in Sources */ = {isa = PBXBuildFile; fileRef = FAD4545B250399C90049136B /* main.m */; };
		FAD4546425049A3F0049136B /* TealViewController.m in Sources */ = {isa = PBXBuildFile; fileRef = FAD4546325049A3F0049136B /* TealViewController.m */; };
		FAD4546725049A530049136B /* OrangeViewController.m in Sources */ = {isa = PBXBuildFile; fileRef = FAD4546625049A530049136B /* OrangeViewController.m */; };
		FAD4546D25049C930049136B /* Contact.m in Sources */ = {isa = PBXBuildFile; fileRef = FAD4546C25049C930049136B /* Contact.m */; };
		FAD454702504C8570049136B /* RedViewController.m in Sources */ = {isa = PBXBuildFile; fileRef = FAD4546F2504C8570049136B /* RedViewController.m */; };
/* End PBXBuildFile section */

/* Begin PBXFileReference section */
		FAD45446250399C80049136B /* storyboardSegues.app */ = {isa = PBXFileReference; explicitFileType = wrapper.application; includeInIndex = 0; path = storyboardSegues.app; sourceTree = BUILT_PRODUCTS_DIR; };
		FAD45449250399C80049136B /* AppDelegate.h */ = {isa = PBXFileReference; lastKnownFileType = sourcecode.c.h; path = AppDelegate.h; sourceTree = "<group>"; };
		FAD4544A250399C80049136B /* AppDelegate.m */ = {isa = PBXFileReference; lastKnownFileType = sourcecode.c.objc; path = AppDelegate.m; sourceTree = "<group>"; };
		FAD4544C250399C80049136B /* SceneDelegate.h */ = {isa = PBXFileReference; lastKnownFileType = sourcecode.c.h; path = SceneDelegate.h; sourceTree = "<group>"; };
		FAD4544D250399C80049136B /* SceneDelegate.m */ = {isa = PBXFileReference; lastKnownFileType = sourcecode.c.objc; path = SceneDelegate.m; sourceTree = "<group>"; };
		FAD4544F250399C80049136B /* ViewController.h */ = {isa = PBXFileReference; lastKnownFileType = sourcecode.c.h; path = ViewController.h; sourceTree = "<group>"; };
		FAD45450250399C80049136B /* ViewController.m */ = {isa = PBXFileReference; lastKnownFileType = sourcecode.c.objc; path = ViewController.m; sourceTree = "<group>"; };
		FAD45453250399C80049136B /* Base */ = {isa = PBXFileReference; lastKnownFileType = file.storyboard; name = Base; path = Base.lproj/Main.storyboard; sourceTree = "<group>"; };
		FAD45455250399C90049136B /* Assets.xcassets */ = {isa = PBXFileReference; lastKnownFileType = folder.assetcatalog; path = Assets.xcassets; sourceTree = "<group>"; };
		FAD45458250399C90049136B /* Base */ = {isa = PBXFileReference; lastKnownFileType = file.storyboard; name = Base; path = Base.lproj/LaunchScreen.storyboard; sourceTree = "<group>"; };
		FAD4545A250399C90049136B /* Info.plist */ = {isa = PBXFileReference; lastKnownFileType = text.plist.xml; path = Info.plist; sourceTree = "<group>"; };
		FAD4545B250399C90049136B /* main.m */ = {isa = PBXFileReference; lastKnownFileType = sourcecode.c.objc; path = main.m; sourceTree = "<group>"; };
		FAD4546225049A3F0049136B /* TealViewController.h */ = {isa = PBXFileReference; lastKnownFileType = sourcecode.c.h; path = TealViewController.h; sourceTree = "<group>"; };
		FAD4546325049A3F0049136B /* TealViewController.m */ = {isa = PBXFileReference; lastKnownFileType = sourcecode.c.objc; path = TealViewController.m; sourceTree = "<group>"; };
		FAD4546525049A530049136B /* OrangeViewController.h */ = {isa = PBXFileReference; lastKnownFileType = sourcecode.c.h; path = OrangeViewController.h; sourceTree = "<group>"; };
		FAD4546625049A530049136B /* OrangeViewController.m */ = {isa = PBXFileReference; lastKnownFileType = sourcecode.c.objc; path = OrangeViewController.m; sourceTree = "<group>"; };
		FAD4546B25049C930049136B /* Contact.h */ = {isa = PBXFileReference; lastKnownFileType = sourcecode.c.h; path = Contact.h; sourceTree = "<group>"; };
		FAD4546C25049C930049136B /* Contact.m */ = {isa = PBXFileReference; lastKnownFileType = sourcecode.c.objc; path = Contact.m; sourceTree = "<group>"; };
		FAD4546E2504C8570049136B /* RedViewController.h */ = {isa = PBXFileReference; lastKnownFileType = sourcecode.c.h; path = RedViewController.h; sourceTree = "<group>"; };
		FAD4546F2504C8570049136B /* RedViewController.m */ = {isa = PBXFileReference; lastKnownFileType = sourcecode.c.objc; path = RedViewController.m; sourceTree = "<group>"; };
/* End PBXFileReference section */

/* Begin PBXFrameworksBuildPhase section */
		FAD45443250399C80049136B /* Frameworks */ = {
			isa = PBXFrameworksBuildPhase;
			buildActionMask = 2147483647;
			files = (
			);
			runOnlyForDeploymentPostprocessing = 0;
		};
/* End PBXFrameworksBuildPhase section */

/* Begin PBXGroup section */
		FAD4543D250399C80049136B = {
			isa = PBXGroup;
			children = (
				FAD45448250399C80049136B /* storyboardSegues */,
				FAD45447250399C80049136B /* Products */,
			);
			sourceTree = "<group>";
		};
		FAD45447250399C80049136B /* Products */ = {
			isa = PBXGroup;
			children = (
				FAD45446250399C80049136B /* storyboardSegues.app */,
			);
			name = Products;
			sourceTree = "<group>";
		};
		FAD45448250399C80049136B /* storyboardSegues */ = {
			isa = PBXGroup;
			children = (
				FAD45449250399C80049136B /* AppDelegate.h */,
				FAD4544A250399C80049136B /* AppDelegate.m */,
				FAD4544C250399C80049136B /* SceneDelegate.h */,
				FAD4544D250399C80049136B /* SceneDelegate.m */,
				FAD4544F250399C80049136B /* ViewController.h */,
				FAD45450250399C80049136B /* ViewController.m */,
				FAD45452250399C80049136B /* Main.storyboard */,
				FAD45455250399C90049136B /* Assets.xcassets */,
				FAD45457250399C90049136B /* LaunchScreen.storyboard */,
				FAD4545A250399C90049136B /* Info.plist */,
				FAD4545B250399C90049136B /* main.m */,
				FAD4546225049A3F0049136B /* TealViewController.h */,
				FAD4546325049A3F0049136B /* TealViewController.m */,
				FAD4546525049A530049136B /* OrangeViewController.h */,
				FAD4546625049A530049136B /* OrangeViewController.m */,
				FAD4546B25049C930049136B /* Contact.h */,
				FAD4546C25049C930049136B /* Contact.m */,
				FAD4546E2504C8570049136B /* RedViewController.h */,
				FAD4546F2504C8570049136B /* RedViewController.m */,
			);
			path = storyboardSegues;
			sourceTree = "<group>";
		};
/* End PBXGroup section */

/* Begin PBXNativeTarget section */
		FAD45445250399C80049136B /* storyboardSegues */ = {
			isa = PBXNativeTarget;
			buildConfigurationList = FAD4545F250399C90049136B /* Build configuration list for PBXNativeTarget "storyboardSegues" */;
			buildPhases = (
				FAD45442250399C80049136B /* Sources */,
				FAD45443250399C80049136B /* Frameworks */,
				FAD45444250399C80049136B /* Resources */,
			);
			buildRules = (
			);
			dependencies = (
			);
			name = storyboardSegues;
			productName = seguesPrep;
			productReference = FAD45446250399C80049136B /* storyboardSegues.app */;
			productType = "com.apple.product-type.application";
		};
/* End PBXNativeTarget section */

/* Begin PBXProject section */
		FAD4543E250399C80049136B /* Project object */ = {
			isa = PBXProject;
			attributes = {
				LastUpgradeCheck = 1150;
				ORGANIZATIONNAME = alex;
				TargetAttributes = {
					FAD45445250399C80049136B = {
						CreatedOnToolsVersion = 11.5;
					};
				};
			};
			buildConfigurationList = FAD45441250399C80049136B /* Build configuration list for PBXProject "storyboardSegues" */;
			compatibilityVersion = "Xcode 9.3";
			developmentRegion = en;
			hasScannedForEncodings = 0;
			knownRegions = (
				en,
				Base,
			);
			mainGroup = FAD4543D250399C80049136B;
			productRefGroup = FAD45447250399C80049136B /* Products */;
			projectDirPath = "";
			projectRoot = "";
			targets = (
				FAD45445250399C80049136B /* storyboardSegues */,
			);
		};
/* End PBXProject section */

/* Begin PBXResourcesBuildPhase section */
		FAD45444250399C80049136B /* Resources */ = {
			isa = PBXResourcesBuildPhase;
			buildActionMask = 2147483647;
			files = (
				FAD45459250399C90049136B /* LaunchScreen.storyboard in Resources */,
				FAD45456250399C90049136B /* Assets.xcassets in Resources */,
				FAD45454250399C80049136B /* Main.storyboard in Resources */,
			);
			runOnlyForDeploymentPostprocessing = 0;
		};
/* End PBXResourcesBuildPhase section */

/* Begin PBXSourcesBuildPhase section */
		FAD45442250399C80049136B /* Sources */ = {
			isa = PBXSourcesBuildPhase;
			buildActionMask = 2147483647;
			files = (
				FAD454702504C8570049136B /* RedViewController.m in Sources */,
				FAD45451250399C80049136B /* ViewController.m in Sources */,
				FAD4544B250399C80049136B /* AppDelegate.m in Sources */,
				FAD4546725049A530049136B /* OrangeViewController.m in Sources */,
				FAD4546425049A3F0049136B /* TealViewController.m in Sources */,
				FAD4546D25049C930049136B /* Contact.m in Sources */,
				FAD4545C250399C90049136B /* main.m in Sources */,
				FAD4544E250399C80049136B /* SceneDelegate.m in Sources */,
			);
			runOnlyForDeploymentPostprocessing = 0;
		};
/* End PBXSourcesBuildPhase section */

/* Begin PBXVariantGroup section */
		FAD45452250399C80049136B /* Main.storyboard */ = {
			isa = PBXVariantGroup;
			children = (
				FAD45453250399C80049136B /* Base */,
			);
			name = Main.storyboard;
			sourceTree = "<group>";
		};
		FAD45457250399C90049136B /* LaunchScreen.storyboard */ = {
			isa = PBXVariantGroup;
			children = (
				FAD45458250399C90049136B /* Base */,
			);
			name = LaunchScreen.storyboard;
			sourceTree = "<group>";
		};
/* End PBXVariantGroup section */

/* Begin XCBuildConfiguration section */
		FAD4545D250399C90049136B /* Debug */ = {
			isa = XCBuildConfiguration;
			buildSettings = {
				ALWAYS_SEARCH_USER_PATHS = NO;
				CLANG_ANALYZER_NONNULL = YES;
				CLANG_ANALYZER_NUMBER_OBJECT_CONVERSION = YES_AGGRESSIVE;
				CLANG_CXX_LANGUAGE_STANDARD = "gnu++14";
				CLANG_CXX_LIBRARY = "libc++";
				CLANG_ENABLE_MODULES = YES;
				CLANG_ENABLE_OBJC_ARC = YES;
				CLANG_ENABLE_OBJC_WEAK = YES;
				CLANG_WARN_BLOCK_CAPTURE_AUTORELEASING = YES;
				CLANG_WARN_BOOL_CONVERSION = YES;
				CLANG_WARN_COMMA = YES;
				CLANG_WARN_CONSTANT_CONVERSION = YES;
				CLANG_WARN_DEPRECATED_OBJC_IMPLEMENTATIONS = YES;
				CLANG_WARN_DIRECT_OBJC_ISA_USAGE = YES_ERROR;
				CLANG_WARN_DOCUMENTATION_COMMENTS = YES;
				CLANG_WARN_EMPTY_BODY = YES;
				CLANG_WARN_ENUM_CONVERSION = YES;
				CLANG_WARN_INFINITE_RECURSION = YES;
				CLANG_WARN_INT_CONVERSION = YES;
				CLANG_WARN_NON_LITERAL_NULL_CONVERSION = YES;
				CLANG_WARN_OBJC_IMPLICIT_RETAIN_SELF = YES;
				CLANG_WARN_OBJC_LITERAL_CONVERSION = YES;
				CLANG_WARN_OBJC_ROOT_CLASS = YES_ERROR;
				CLANG_WARN_RANGE_LOOP_ANALYSIS = YES;
				CLANG_WARN_STRICT_PROTOTYPES = YES;
				CLANG_WARN_SUSPICIOUS_MOVE = YES;
				CLANG_WARN_UNGUARDED_AVAILABILITY = YES_AGGRESSIVE;
				CLANG_WARN_UNREACHABLE_CODE = YES;
				CLANG_WARN__DUPLICATE_METHOD_MATCH = YES;
				COPY_PHASE_STRIP = NO;
				DEBUG_INFORMATION_FORMAT = dwarf;
				ENABLE_STRICT_OBJC_MSGSEND = YES;
				ENABLE_TESTABILITY = YES;
				GCC_C_LANGUAGE_STANDARD = gnu11;
				GCC_DYNAMIC_NO_PIC = NO;
				GCC_NO_COMMON_BLOCKS = YES;
				GCC_OPTIMIZATION_LEVEL = 0;
				GCC_PREPROCESSOR_DEFINITIONS = (
					"DEBUG=1",
					"$(inherited)",
				);
				GCC_WARN_64_TO_32_BIT_CONVERSION = YES;
				GCC_WARN_ABOUT_RETURN_TYPE = YES_ERROR;
				GCC_WARN_UNDECLARED_SELECTOR = YES;
				GCC_WARN_UNINITIALIZED_AUTOS = YES_AGGRESSIVE;
				GCC_WARN_UNUSED_FUNCTION = YES;
				GCC_WARN_UNUSED_VARIABLE = YES;
				IPHONEOS_DEPLOYMENT_TARGET = 13.5;
				MTL_ENABLE_DEBUG_INFO = INCLUDE_SOURCE;
				MTL_FAST_MATH = YES;
				ONLY_ACTIVE_ARCH = YES;
				SDKROOT = iphoneos;
			};
			name = Debug;
		};
		FAD4545E250399C90049136B /* Release */ = {
			isa = XCBuildConfiguration;
			buildSettings = {
				ALWAYS_SEARCH_USER_PATHS = NO;
				CLANG_ANALYZER_NONNULL = YES;
				CLANG_ANALYZER_NUMBER_OBJECT_CONVERSION = YES_AGGRESSIVE;
				CLANG_CXX_LANGUAGE_STANDARD = "gnu++14";
				CLANG_CXX_LIBRARY = "libc++";
				CLANG_ENABLE_MODULES = YES;
				CLANG_ENABLE_OBJC_ARC = YES;
				CLANG_ENABLE_OBJC_WEAK = YES;
				CLANG_WARN_BLOCK_CAPTURE_AUTORELEASING = YES;
				CLANG_WARN_BOOL_CONVERSION = YES;
				CLANG_WARN_COMMA = YES;
				CLANG_WARN_CONSTANT_CONVERSION = YES;
				CLANG_WARN_DEPRECATED_OBJC_IMPLEMENTATIONS = YES;
				CLANG_WARN_DIRECT_OBJC_ISA_USAGE = YES_ERROR;
				CLANG_WARN_DOCUMENTATION_COMMENTS = YES;
				CLANG_WARN_EMPTY_BODY = YES;
				CLANG_WARN_ENUM_CONVERSION = YES;
				CLANG_WARN_INFINITE_RECURSION = YES;
				CLANG_WARN_INT_CONVERSION = YES;
				CLANG_WARN_NON_LITERAL_NULL_CONVERSION = YES;
				CLANG_WARN_OBJC_IMPLICIT_RETAIN_SELF = YES;
				CLANG_WARN_OBJC_LITERAL_CONVERSION = YES;
				CLANG_WARN_OBJC_ROOT_CLASS = YES_ERROR;
				CLANG_WARN_RANGE_LOOP_ANALYSIS = YES;
				CLANG_WARN_STRICT_PROTOTYPES = YES;
				CLANG_WARN_SUSPICIOUS_MOVE = YES;
				CLANG_WARN_UNGUARDED_AVAILABILITY = YES_AGGRESSIVE;
				CLANG_WARN_UNREACHABLE_CODE = YES;
				CLANG_WARN__DUPLICATE_METHOD_MATCH = YES;
				COPY_PHASE_STRIP = NO;
				DEBUG_INFORMATION_FORMAT = "dwarf-with-dsym";
				ENABLE_NS_ASSERTIONS = NO;
				ENABLE_STRICT_OBJC_MSGSEND = YES;
				GCC_C_LANGUAGE_STANDARD = gnu11;
				GCC_NO_COMMON_BLOCKS = YES;
				GCC_WARN_64_TO_32_BIT_CONVERSION = YES;
				GCC_WARN_ABOUT_RETURN_TYPE = YES_ERROR;
				GCC_WARN_UNDECLARED_SELECTOR = YES;
				GCC_WARN_UNINITIALIZED_AUTOS = YES_AGGRESSIVE;
				GCC_WARN_UNUSED_FUNCTION = YES;
				GCC_WARN_UNUSED_VARIABLE = YES;
				IPHONEOS_DEPLOYMENT_TARGET = 13.5;
				MTL_ENABLE_DEBUG_INFO = NO;
				MTL_FAST_MATH = YES;
				SDKROOT = iphoneos;
				VALIDATE_PRODUCT = YES;
			};
			name = Release;
		};
		FAD45460250399C90049136B /* Debug */ = {
			isa = XCBuildConfiguration;
			buildSettings = {
				ASSETCATALOG_COMPILER_APPICON_NAME = AppIcon;
				CODE_SIGN_STYLE = Automatic;
				INFOPLIST_FILE = storyboardSegues/Info.plist;
				LD_RUNPATH_SEARCH_PATHS = (
					"$(inherited)",
					"@executable_path/Frameworks",
				);
				PRODUCT_BUNDLE_IDENTIFIER = com.blueradix.aitclass.seguesPrep;
				PRODUCT_NAME = "$(TARGET_NAME)";
				TARGETED_DEVICE_FAMILY = "1,2";
			};
			name = Debug;
		};
		FAD45461250399C90049136B /* Release */ = {
			isa = XCBuildConfiguration;
			buildSettings = {
				ASSETCATALOG_COMPILER_APPICON_NAME = AppIcon;
				CODE_SIGN_STYLE = Automatic;
				INFOPLIST_FILE = storyboardSegues/Info.plist;
				LD_RUNPATH_SEARCH_PATHS = (
					"$(inherited)",
					"@executable_path/Frameworks",
				);
				PRODUCT_BUNDLE_IDENTIFIER = com.blueradix.aitclass.seguesPrep;
				PRODUCT_NAME = "$(TARGET_NAME)";
				TARGETED_DEVICE_FAMILY = "1,2";
			};
			name = Release;
		};
/* End XCBuildConfiguration section */

/* Begin XCConfigurationList section */
		FAD45441250399C80049136B /* Build configuration list for PBXProject "storyboardSegues" */ = {
			isa = XCConfigurationList;
			buildConfigurations = (
				FAD4545D250399C90049136B /* Debug */,
				FAD4545E250399C90049136B /* Release */,
			);
			defaultConfigurationIsVisible = 0;
			defaultConfigurationName = Release;
		};
		FAD4545F250399C90049136B /* Build configuration list for PBXNativeTarget "storyboardSegues" */ = {
			isa = XCConfigurationList;
			buildConfigurations = (
				FAD45460250399C90049136B /* Debug */,
				FAD45461250399C90049136B /* Release */,
			);
			defaultConfigurationIsVisible = 0;
			defaultConfigurationName = Release;
		};
/* End XCConfigurationList section */
	};
	rootObject = FAD4543E250399C80049136B /* Project object */;
}
